
Microsoft Visual Studio Solution File, Format Version 12.00
# Visual Studio Version 17
VisualStudioVersion = 17.4.33205.214
MinimumVisualStudioVersion = 10.0.40219.1
Project("{9A19103F-16F7-4668-BE54-9A1E7A4F7556}") = "LearningLanguageWebsite", "LearningLanguageWebsite\LearningLanguageWebsite.csproj", "{C5C66430-61C7-4B05-AF77-9ABD24F35B8A}"
EndProject
Global
	GlobalSection(SolutionConfigurationPlatforms) = preSolution
		Debug|Any CPU = Debug|Any CPU
		Release|Any CPU = Release|Any CPU
	EndGlobalSection
	GlobalSection(ProjectConfigurationPlatforms) = postSolution
		{C5C66430-61C7-4B05-AF77-9ABD24F35B8A}.Debug|Any CPU.ActiveCfg = Debug|Any CPU
		{C5C66430-61C7-4B05-AF77-9ABD24F35B8A}.Debug|Any CPU.Build.0 = Debug|Any CPU
		{C5C66430-61C7-4B05-AF77-9ABD24F35B8A}.Release|Any CPU.ActiveCfg = Release|Any CPU
		{C5C66430-61C7-4B05-AF77-9ABD24F35B8A}.Release|Any CPU.Build.0 = Release|Any CPU
	EndGlobalSection
	GlobalSection(SolutionProperties) = preSolution
		HideSolutionNode = FALSE
	EndGlobalSection
	GlobalSection(ExtensibilityGlobals) = postSolution
		SolutionGuid = {328D8846-8960-4C2B-AAD3-3213EE4B7F29}
	EndGlobalSection
EndGlobal
